<?xml version="1.0" encoding="utf-8"?>
<Project ToolsVersion="4.0" xmlns="http://schemas.microsoft.com/developer/msbuild/2003">
  <ItemGroup>
    <ClCompile Include="DC_main.cpp" />
    <ClCompile Include="cheat.cpp">
      <Filter>Code</Filter>
    </ClCompile>
    <ClCompile Include="game.cpp">
      <Filter>Code</Filter>
    </ClCompile>
    <ClCompile Include="pattern.cpp">
      <Filter>Code</Filter>
    </ClCompile>
    <ClCompile Include="stdafx.cpp">
      <Filter>Code</Filter>
    </ClCompile>
  </ItemGroup>
  <ItemGroup>
    <ClInclude Include="cheat.h">
      <Filter>Header</Filter>
    </ClInclude>
    <ClInclude Include="game.h">
      <Filter>Header</Filter>
    </ClInclude>
    <ClInclude Include="pattern.h">
      <Filter>Header</Filter>
    </ClInclude>
    <ClInclude Include="shell_code.h">
      <Filter>Header</Filter>
    </ClInclude>
    <ClInclude Include="stdafx.h">
      <Filter>Header</Filter>
    </ClInclude>
  </ItemGroup>
  <ItemGroup>
    <Filter Include="Header">
      <UniqueIdentifier>{b3d92392-2ef8-4d67-ac81-c7927b3dbe4f}</UniqueIdentifier>
    </Filter>
    <Filter Include="Code">
      <UniqueIdentifier>{3e370d67-3506-45c4-aaad-4ab1b640e083}</UniqueIdentifier>
    </Filter>
  </ItemGroup>
</Project>